
Microsoft Visual Studio Solution File, Format Version 12.00
# Visual Studio 14
VisualStudioVersion = 14.0.25420.1
MinimumVisualStudioVersion = 10.0.40219.1
Project("{FAE04EC0-301F-11D3-BF4B-00C04F79EFBC}") = "DistanceBetweenCities", "ВDailyTask\DistanceBetweenCities.csproj", "{79B2AC3A-9D56-431F-90B4-746BF6D759B1}"
EndProject
Project("{FAE04EC0-301F-11D3-BF4B-00C04F79EFBC}") = "DistanceBetweenCities.Tests", "DistanceBetweenCities.Tests\DistanceBetweenCities.Tests.csproj", "{AEE37A9E-BAA8-4E51-BBB0-A95FC8805529}"
EndProject
Project("{2150E333-8FDC-42A3-9474-1A3956D46DE8}") = "DistanceBetweenCitiesTest", "DistanceBetweenCitiesTest", "{98BCBAF8-6664-4FC7-823B-2F17B3E45A2E}"
EndProject
Project("{2150E333-8FDC-42A3-9474-1A3956D46DE8}") = "MultithreadLoggerTask", "MultithreadLoggerTask", "{C959D23F-150C-4EE2-ADBC-4DEA5B347BCC}"
EndProject
Project("{FAE04EC0-301F-11D3-BF4B-00C04F79EFBC}") = "MultithreadLogger", "MultithreadLogger\MultithreadLogger.csproj", "{5F1A3AE2-A734-41B0-9C2A-D67B073653E2}"
EndProject
Project("{2150E333-8FDC-42A3-9474-1A3956D46DE8}") = "FetchCurrentWeatherTask", "FetchCurrentWeatherTask", "{4050D18C-B5AD-4ED6-8003-346D092CCEC1}"
EndProject
Project("{FAE04EC0-301F-11D3-BF4B-00C04F79EFBC}") = "FetchCurrentWeather", "FetchCurrentWeather\FetchCurrentWeather.csproj", "{C4279AA4-EF48-47D2-97F4-DD14E6DF016F}"
EndProject
Global
	GlobalSection(SolutionConfigurationPlatforms) = preSolution
		Debug|Any CPU = Debug|Any CPU
		Release|Any CPU = Release|Any CPU
	EndGlobalSection
	GlobalSection(ProjectConfigurationPlatforms) = postSolution
		{79B2AC3A-9D56-431F-90B4-746BF6D759B1}.Debug|Any CPU.ActiveCfg = Debug|Any CPU
		{79B2AC3A-9D56-431F-90B4-746BF6D759B1}.Debug|Any CPU.Build.0 = Debug|Any CPU
		{79B2AC3A-9D56-431F-90B4-746BF6D759B1}.Release|Any CPU.ActiveCfg = Release|Any CPU
		{79B2AC3A-9D56-431F-90B4-746BF6D759B1}.Release|Any CPU.Build.0 = Release|Any CPU
		{AEE37A9E-BAA8-4E51-BBB0-A95FC8805529}.Debug|Any CPU.ActiveCfg = Debug|Any CPU
		{AEE37A9E-BAA8-4E51-BBB0-A95FC8805529}.Debug|Any CPU.Build.0 = Debug|Any CPU
		{AEE37A9E-BAA8-4E51-BBB0-A95FC8805529}.Release|Any CPU.ActiveCfg = Release|Any CPU
		{AEE37A9E-BAA8-4E51-BBB0-A95FC8805529}.Release|Any CPU.Build.0 = Release|Any CPU
		{5F1A3AE2-A734-41B0-9C2A-D67B073653E2}.Debug|Any CPU.ActiveCfg = Debug|Any CPU
		{5F1A3AE2-A734-41B0-9C2A-D67B073653E2}.Debug|Any CPU.Build.0 = Debug|Any CPU
		{5F1A3AE2-A734-41B0-9C2A-D67B073653E2}.Release|Any CPU.ActiveCfg = Release|Any CPU
		{5F1A3AE2-A734-41B0-9C2A-D67B073653E2}.Release|Any CPU.Build.0 = Release|Any CPU
		{C4279AA4-EF48-47D2-97F4-DD14E6DF016F}.Debug|Any CPU.ActiveCfg = Debug|Any CPU
		{C4279AA4-EF48-47D2-97F4-DD14E6DF016F}.Debug|Any CPU.Build.0 = Debug|Any CPU
		{C4279AA4-EF48-47D2-97F4-DD14E6DF016F}.Release|Any CPU.ActiveCfg = Release|Any CPU
		{C4279AA4-EF48-47D2-97F4-DD14E6DF016F}.Release|Any CPU.Build.0 = Release|Any CPU
	EndGlobalSection
	GlobalSection(SolutionProperties) = preSolution
		HideSolutionNode = FALSE
	EndGlobalSection
	GlobalSection(NestedProjects) = preSolution
		{79B2AC3A-9D56-431F-90B4-746BF6D759B1} = {98BCBAF8-6664-4FC7-823B-2F17B3E45A2E}
		{AEE37A9E-BAA8-4E51-BBB0-A95FC8805529} = {98BCBAF8-6664-4FC7-823B-2F17B3E45A2E}
		{5F1A3AE2-A734-41B0-9C2A-D67B073653E2} = {C959D23F-150C-4EE2-ADBC-4DEA5B347BCC}
		{C4279AA4-EF48-47D2-97F4-DD14E6DF016F} = {4050D18C-B5AD-4ED6-8003-346D092CCEC1}
	EndGlobalSection
EndGlobal
